
Microsoft Visual Studio Solution File, Format Version 12.00
# Visual Studio Version 16
VisualStudioVersion = 16.0.30621.155
MinimumVisualStudioVersion = 10.0.40219.1
Project("{FAE04EC0-301F-11D3-BF4B-00C04F79EFBC}") = "Tarea5", "Tarea5\Tarea5.csproj", "{C6449400-5A72-426C-B4C9-1FFD28632D7D}"
EndProject
Global
	GlobalSection(SolutionConfigurationPlatforms) = preSolution
		Debug|Any CPU = Debug|Any CPU
		Release|Any CPU = Release|Any CPU
	EndGlobalSection
	GlobalSection(ProjectConfigurationPlatforms) = postSolution
		{C6449400-5A72-426C-B4C9-1FFD28632D7D}.Debug|Any CPU.ActiveCfg = Debug|Any CPU
		{C6449400-5A72-426C-B4C9-1FFD28632D7D}.Debug|Any CPU.Build.0 = Debug|Any CPU
		{C6449400-5A72-426C-B4C9-1FFD28632D7D}.Release|Any CPU.ActiveCfg = Release|Any CPU
		{C6449400-5A72-426C-B4C9-1FFD28632D7D}.Release|Any CPU.Build.0 = Release|Any CPU
	EndGlobalSection
	GlobalSection(SolutionProperties) = preSolution
		HideSolutionNode = FALSE
	EndGlobalSection
	GlobalSection(ExtensibilityGlobals) = postSolution
		SolutionGuid = {25A4B61A-CB19-4C51-9960-AC2092E1CA85}
	EndGlobalSection
EndGlobal
